// !$*UTF8*$!
{
	archiveVersion = 1;
	classes = {
	};
	objectVersion = 77;
	objects = {

/* Begin PBXBuildFile section */
		5EC33DA12D6DFA21005BF072 /* Luminare in Frameworks */ = {isa = PBXBuildFile; productRef = 5EC33DA02D6DFA21005BF072 /* Luminare */; };
/* End PBXBuildFile section */

/* Begin PBXContainerItemProxy section */
		5EC33D442D6DC01C005BF072 /* PBXContainerItemProxy */ = {
			isa = PBXContainerItemProxy;
			containerPortal = 5EC33D2A2D6DC01B005BF072 /* Project object */;
			proxyType = 1;
			remoteGlobalIDString = 5EC33D312D6DC01B005BF072;
			remoteInfo = GitFlow;
		};
		5EC33D4E2D6DC01C005BF072 /* PBXContainerItemProxy */ = {
			isa = PBXContainerItemProxy;
			containerPortal = 5EC33D2A2D6DC01B005BF072 /* Project object */;
			proxyType = 1;
			remoteGlobalIDString = 5EC33D312D6DC01B005BF072;
			remoteInfo = GitFlow;
		};
/* End PBXContainerItemProxy section */

/* Begin PBXFileReference section */
		5EC33D322D6DC01B005BF072 /* GitFlow.app */ = {isa = PBXFileReference; explicitFileType = wrapper.application; includeInIndex = 0; path = GitFlow.app; sourceTree = BUILT_PRODUCTS_DIR; };
		5EC33D432D6DC01C005BF072 /* GitFlowTests.xctest */ = {isa = PBXFileReference; explicitFileType = wrapper.cfbundle; includeInIndex = 0; path = GitFlowTests.xctest; sourceTree = BUILT_PRODUCTS_DIR; };
		5EC33D4D2D6DC01C005BF072 /* GitFlowUITests.xctest */ = {isa = PBXFileReference; explicitFileType = wrapper.cfbundle; includeInIndex = 0; path = GitFlowUITests.xctest; sourceTree = BUILT_PRODUCTS_DIR; };
/* End PBXFileReference section */

/* Begin PBXFileSystemSynchronizedRootGroup section */
		5EC33D342D6DC01B005BF072 /* GitFlow */ = {
			isa = PBXFileSystemSynchronizedRootGroup;
			path = GitFlow;
			sourceTree = "<group>";
		};
		5EC33D462D6DC01C005BF072 /* GitFlowTests */ = {
			isa = PBXFileSystemSynchronizedRootGroup;
			path = GitFlowTests;
			sourceTree = "<group>";
		};
		5EC33D502D6DC01C005BF072 /* GitFlowUITests */ = {
			isa = PBXFileSystemSynchronizedRootGroup;
			path = GitFlowUITests;
			sourceTree = "<group>";
		};
/* End PBXFileSystemSynchronizedRootGroup section */

/* Begin PBXFrameworksBuildPhase section */
		5EC33D2F2D6DC01B005BF072 /* Frameworks */ = {
			isa = PBXFrameworksBuildPhase;
			buildActionMask = 2147483647;
			files = (
				5EC33DA12D6DFA21005BF072 /* Luminare in Frameworks */,
			);
			runOnlyForDeploymentPostprocessing = 0;
		};
		5EC33D402D6DC01C005BF072 /* Frameworks */ = {
			isa = PBXFrameworksBuildPhase;
			buildActionMask = 2147483647;
			files = (
			);
			runOnlyForDeploymentPostprocessing = 0;
		};
		5EC33D4A2D6DC01C005BF072 /* Frameworks */ = {
			isa = PBXFrameworksBuildPhase;
			buildActionMask = 2147483647;
			files = (
			);
			runOnlyForDeploymentPostprocessing = 0;
		};
/* End PBXFrameworksBuildPhase section */

/* Begin PBXGroup section */
		5EC33D292D6DC01B005BF072 = {
			isa = PBXGroup;
			children = (
				5EC33D342D6DC01B005BF072 /* GitFlow */,
				5EC33D462D6DC01C005BF072 /* GitFlowTests */,
				5EC33D502D6DC01C005BF072 /* GitFlowUITests */,
				5EC33D9F2D6DFA21005BF072 /* Frameworks */,
				5EC33D332D6DC01B005BF072 /* Products */,
			);
			sourceTree = "<group>";
		};
		5EC33D332D6DC01B005BF072 /* Products */ = {
			isa = PBXGroup;
			children = (
				5EC33D322D6DC01B005BF072 /* GitFlow.app */,
				5EC33D432D6DC01C005BF072 /* GitFlowTests.xctest */,
				5EC33D4D2D6DC01C005BF072 /* GitFlowUITests.xctest */,
			);
			name = Products;
			sourceTree = "<group>";
		};
		5EC33D9F2D6DFA21005BF072 /* Frameworks */ = {
			isa = PBXGroup;
			children = (
			);
			name = Frameworks;
			sourceTree = "<group>";
		};
/* End PBXGroup section */

/* Begin PBXNativeTarget section */
		5EC33D312D6DC01B005BF072 /* GitFlow */ = {
			isa = PBXNativeTarget;
			buildConfigurationList = 5EC33D572D6DC01C005BF072 /* Build configuration list for PBXNativeTarget "GitFlow" */;
			buildPhases = (
				5EC33D2E2D6DC01B005BF072 /* Sources */,
				5EC33D2F2D6DC01B005BF072 /* Frameworks */,
				5EC33D302D6DC01B005BF072 /* Resources */,
			);
			buildRules = (
			);
			dependencies = (
			);
			fileSystemSynchronizedGroups = (
				5EC33D342D6DC01B005BF072 /* GitFlow */,
			);
			name = GitFlow;
			packageProductDependencies = (
				5EC33DA02D6DFA21005BF072 /* Luminare */,
			);
			productName = GitFlow;
			productReference = 5EC33D322D6DC01B005BF072 /* GitFlow.app */;
			productType = "com.apple.product-type.application";
		};
		5EC33D422D6DC01C005BF072 /* GitFlowTests */ = {
			isa = PBXNativeTarget;
			buildConfigurationList = 5EC33D5A2D6DC01C005BF072 /* Build configuration list for PBXNativeTarget "GitFlowTests" */;
			buildPhases = (
				5EC33D3F2D6DC01C005BF072 /* Sources */,
				5EC33D402D6DC01C005BF072 /* Frameworks */,
				5EC33D412D6DC01C005BF072 /* Resources */,
			);
			buildRules = (
			);
			dependencies = (
				5EC33D452D6DC01C005BF072 /* PBXTargetDependency */,
			);
			fileSystemSynchronizedGroups = (
				5EC33D462D6DC01C005BF072 /* GitFlowTests */,
			);
			name = GitFlowTests;
			packageProductDependencies = (
			);
			productName = GitFlowTests;
			productReference = 5EC33D432D6DC01C005BF072 /* GitFlowTests.xctest */;
			productType = "com.apple.product-type.bundle.unit-test";
		};
		5EC33D4C2D6DC01C005BF072 /* GitFlowUITests */ = {
			isa = PBXNativeTarget;
			buildConfigurationList = 5EC33D5D2D6DC01C005BF072 /* Build configuration list for PBXNativeTarget "GitFlowUITests" */;
			buildPhases = (
				5EC33D492D6DC01C005BF072 /* Sources */,
				5EC33D4A2D6DC01C005BF072 /* Frameworks */,
				5EC33D4B2D6DC01C005BF072 /* Resources */,
			);
			buildRules = (
			);
			dependencies = (
				5EC33D4F2D6DC01C005BF072 /* PBXTargetDependency */,
			);
			fileSystemSynchronizedGroups = (
				5EC33D502D6DC01C005BF072 /* GitFlowUITests */,
			);
			name = GitFlowUITests;
			packageProductDependencies = (
			);
			productName = GitFlowUITests;
			productReference = 5EC33D4D2D6DC01C005BF072 /* GitFlowUITests.xctest */;
			productType = "com.apple.product-type.bundle.ui-testing";
		};
/* End PBXNativeTarget section */

/* Begin PBXProject section */
		5EC33D2A2D6DC01B005BF072 /* Project object */ = {
			isa = PBXProject;
			attributes = {
				BuildIndependentTargetsInParallel = 1;
				LastSwiftUpdateCheck = 1620;
				LastUpgradeCheck = 1620;
				TargetAttributes = {
					5EC33D312D6DC01B005BF072 = {
						CreatedOnToolsVersion = 16.2;
					};
					5EC33D422D6DC01C005BF072 = {
						CreatedOnToolsVersion = 16.2;
						TestTargetID = 5EC33D312D6DC01B005BF072;
					};
					5EC33D4C2D6DC01C005BF072 = {
						CreatedOnToolsVersion = 16.2;
						TestTargetID = 5EC33D312D6DC01B005BF072;
					};
				};
			};
			buildConfigurationList = 5EC33D2D2D6DC01B005BF072 /* Build configuration list for PBXProject "GitFlow" */;
			developmentRegion = en;
			hasScannedForEncodings = 0;
			knownRegions = (
				en,
				Base,
			);
			mainGroup = 5EC33D292D6DC01B005BF072;
			minimizedProjectReferenceProxies = 1;
			packageReferences = (
				5EC33D9E2D6DF9FA005BF072 /* XCRemoteSwiftPackageReference "Luminare-Safe" */,
			);
			preferredProjectObjectVersion = 77;
			productRefGroup = 5EC33D332D6DC01B005BF072 /* Products */;
			projectDirPath = "";
			projectRoot = "";
			targets = (
				5EC33D312D6DC01B005BF072 /* GitFlow */,
				5EC33D422D6DC01C005BF072 /* GitFlowTests */,
				5EC33D4C2D6DC01C005BF072 /* GitFlowUITests */,
			);
		};
/* End PBXProject section */

/* Begin PBXResourcesBuildPhase section */
		5EC33D302D6DC01B005BF072 /* Resources */ = {
			isa = PBXResourcesBuildPhase;
			buildActionMask = 2147483647;
			files = (
			);
			runOnlyForDeploymentPostprocessing = 0;
		};
		5EC33D412D6DC01C005BF072 /* Resources */ = {
			isa = PBXResourcesBuildPhase;
			buildActionMask = 2147483647;
			files = (
			);
			runOnlyForDeploymentPostprocessing = 0;
		};
		5EC33D4B2D6DC01C005BF072 /* Resources */ = {
			isa = PBXResourcesBuildPhase;
			buildActionMask = 2147483647;
			files = (
			);
			runOnlyForDeploymentPostprocessing = 0;
		};
/* End PBXResourcesBuildPhase section */

/* Begin PBXSourcesBuildPhase section */
		5EC33D2E2D6DC01B005BF072 /* Sources */ = {
			isa = PBXSourcesBuildPhase;
			buildActionMask = 2147483647;
			files = (
			);
			runOnlyForDeploymentPostprocessing = 0;
		};
		5EC33D3F2D6DC01C005BF072 /* Sources */ = {
			isa = PBXSourcesBuildPhase;
			buildActionMask = 2147483647;
			files = (
			);
			runOnlyForDeploymentPostprocessing = 0;
		};
		5EC33D492D6DC01C005BF072 /* Sources */ = {
			isa = PBXSourcesBuildPhase;
			buildActionMask = 2147483647;
			files = (
			);
			runOnlyForDeploymentPostprocessing = 0;
		};
/* End PBXSourcesBuildPhase section */

/* Begin PBXTargetDependency section */
		5EC33D452D6DC01C005BF072 /* PBXTargetDependency */ = {
			isa = PBXTargetDependency;
			target = 5EC33D312D6DC01B005BF072 /* GitFlow */;
			targetProxy = 5EC33D442D6DC01C005BF072 /* PBXContainerItemProxy */;
		};
		5EC33D4F2D6DC01C005BF072 /* PBXTargetDependency */ = {
			isa = PBXTargetDependency;
			target = 5EC33D312D6DC01B005BF072 /* GitFlow */;
			targetProxy = 5EC33D4E2D6DC01C005BF072 /* PBXContainerItemProxy */;
		};
/* End PBXTargetDependency section */

/* Begin XCBuildConfiguration section */
		5EC33D552D6DC01C005BF072 /* Debug */ = {
			isa = XCBuildConfiguration;
			buildSettings = {
				ALWAYS_SEARCH_USER_PATHS = NO;
				ASSETCATALOG_COMPILER_GENERATE_SWIFT_ASSET_SYMBOL_EXTENSIONS = YES;
				CLANG_ANALYZER_NONNULL = YES;
				CLANG_ANALYZER_NUMBER_OBJECT_CONVERSION = YES_AGGRESSIVE;
				CLANG_CXX_LANGUAGE_STANDARD = "gnu++20";
				CLANG_ENABLE_MODULES = YES;
				CLANG_ENABLE_OBJC_ARC = YES;
				CLANG_ENABLE_OBJC_WEAK = YES;
				CLANG_WARN_BLOCK_CAPTURE_AUTORELEASING = YES;
				CLANG_WARN_BOOL_CONVERSION = YES;
				CLANG_WARN_COMMA = YES;
				CLANG_WARN_CONSTANT_CONVERSION = YES;
				CLANG_WARN_DEPRECATED_OBJC_IMPLEMENTATIONS = YES;
				CLANG_WARN_DIRECT_OBJC_ISA_USAGE = YES_ERROR;
				CLANG_WARN_DOCUMENTATION_COMMENTS = YES;
				CLANG_WARN_EMPTY_BODY = YES;
				CLANG_WARN_ENUM_CONVERSION = YES;
				CLANG_WARN_INFINITE_RECURSION = YES;
				CLANG_WARN_INT_CONVERSION = YES;
				CLANG_WARN_NON_LITERAL_NULL_CONVERSION = YES;
				CLANG_WARN_OBJC_IMPLICIT_RETAIN_SELF = YES;
				CLANG_WARN_OBJC_LITERAL_CONVERSION = YES;
				CLANG_WARN_OBJC_ROOT_CLASS = YES_ERROR;
				CLANG_WARN_QUOTED_INCLUDE_IN_FRAMEWORK_HEADER = YES;
				CLANG_WARN_RANGE_LOOP_ANALYSIS = YES;
				CLANG_WARN_STRICT_PROTOTYPES = YES;
				CLANG_WARN_SUSPICIOUS_MOVE = YES;
				CLANG_WARN_UNGUARDED_AVAILABILITY = YES_AGGRESSIVE;
				CLANG_WARN_UNREACHABLE_CODE = YES;
				CLANG_WARN__DUPLICATE_METHOD_MATCH = YES;
				COPY_PHASE_STRIP = NO;
				DEBUG_INFORMATION_FORMAT = dwarf;
				ENABLE_STRICT_OBJC_MSGSEND = YES;
				ENABLE_TESTABILITY = YES;
				ENABLE_USER_SCRIPT_SANDBOXING = YES;
				GCC_C_LANGUAGE_STANDARD = gnu17;
				GCC_DYNAMIC_NO_PIC = NO;
				GCC_NO_COMMON_BLOCKS = YES;
				GCC_OPTIMIZATION_LEVEL = 0;
				GCC_PREPROCESSOR_DEFINITIONS = (
					"DEBUG=1",
					"$(inherited)",
				);
				GCC_WARN_64_TO_32_BIT_CONVERSION = YES;
				GCC_WARN_ABOUT_RETURN_TYPE = YES_ERROR;
				GCC_WARN_UNDECLARED_SELECTOR = YES;
				GCC_WARN_UNINITIALIZED_AUTOS = YES_AGGRESSIVE;
				GCC_WARN_UNUSED_FUNCTION = YES;
				GCC_WARN_UNUSED_VARIABLE = YES;
				LOCALIZATION_PREFERS_STRING_CATALOGS = YES;
				MACOSX_DEPLOYMENT_TARGET = 15.2;
				MTL_ENABLE_DEBUG_INFO = INCLUDE_SOURCE;
				MTL_FAST_MATH = YES;
				ONLY_ACTIVE_ARCH = YES;
				SDKROOT = macosx;
				SWIFT_ACTIVE_COMPILATION_CONDITIONS = "DEBUG $(inherited)";
				SWIFT_OPTIMIZATION_LEVEL = "-Onone";
			};
			name = Debug;
		};
		5EC33D562D6DC01C005BF072 /* Release */ = {
			isa = XCBuildConfiguration;
			buildSettings = {
				ALWAYS_SEARCH_USER_PATHS = NO;
				ASSETCATALOG_COMPILER_GENERATE_SWIFT_ASSET_SYMBOL_EXTENSIONS = YES;
				CLANG_ANALYZER_NONNULL = YES;
				CLANG_ANALYZER_NUMBER_OBJECT_CONVERSION = YES_AGGRESSIVE;
				CLANG_CXX_LANGUAGE_STANDARD = "gnu++20";
				CLANG_ENABLE_MODULES = YES;
				CLANG_ENABLE_OBJC_ARC = YES;
				CLANG_ENABLE_OBJC_WEAK = YES;
				CLANG_WARN_BLOCK_CAPTURE_AUTORELEASING = YES;
				CLANG_WARN_BOOL_CONVERSION = YES;
				CLANG_WARN_COMMA = YES;
				CLANG_WARN_CONSTANT_CONVERSION = YES;
				CLANG_WARN_DEPRECATED_OBJC_IMPLEMENTATIONS = YES;
				CLANG_WARN_DIRECT_OBJC_ISA_USAGE = YES_ERROR;
				CLANG_WARN_DOCUMENTATION_COMMENTS = YES;
				CLANG_WARN_EMPTY_BODY = YES;
				CLANG_WARN_ENUM_CONVERSION = YES;
				CLANG_WARN_INFINITE_RECURSION = YES;
				CLANG_WARN_INT_CONVERSION = YES;
				CLANG_WARN_NON_LITERAL_NULL_CONVERSION = YES;
				CLANG_WARN_OBJC_IMPLICIT_RETAIN_SELF = YES;
				CLANG_WARN_OBJC_LITERAL_CONVERSION = YES;
				CLANG_WARN_OBJC_ROOT_CLASS = YES_ERROR;
				CLANG_WARN_QUOTED_INCLUDE_IN_FRAMEWORK_HEADER = YES;
				CLANG_WARN_RANGE_LOOP_ANALYSIS = YES;
				CLANG_WARN_STRICT_PROTOTYPES = YES;
				CLANG_WARN_SUSPICIOUS_MOVE = YES;
				CLANG_WARN_UNGUARDED_AVAILABILITY = YES_AGGRESSIVE;
				CLANG_WARN_UNREACHABLE_CODE = YES;
				CLANG_WARN__DUPLICATE_METHOD_MATCH = YES;
				COPY_PHASE_STRIP = NO;
				DEBUG_INFORMATION_FORMAT = "dwarf-with-dsym";
				ENABLE_NS_ASSERTIONS = NO;
				ENABLE_STRICT_OBJC_MSGSEND = YES;
				ENABLE_USER_SCRIPT_SANDBOXING = YES;
				GCC_C_LANGUAGE_STANDARD = gnu17;
				GCC_NO_COMMON_BLOCKS = YES;
				GCC_WARN_64_TO_32_BIT_CONVERSION = YES;
				GCC_WARN_ABOUT_RETURN_TYPE = YES_ERROR;
				GCC_WARN_UNDECLARED_SELECTOR = YES;
				GCC_WARN_UNINITIALIZED_AUTOS = YES_AGGRESSIVE;
				GCC_WARN_UNUSED_FUNCTION = YES;
				GCC_WARN_UNUSED_VARIABLE = YES;
				LOCALIZATION_PREFERS_STRING_CATALOGS = YES;
				MACOSX_DEPLOYMENT_TARGET = 15.2;
				MTL_ENABLE_DEBUG_INFO = NO;
				MTL_FAST_MATH = YES;
				SDKROOT = macosx;
				SWIFT_COMPILATION_MODE = wholemodule;
			};
			name = Release;
		};
		5EC33D582D6DC01C005BF072 /* Debug */ = {
			isa = XCBuildConfiguration;
			buildSettings = {
				ASSETCATALOG_COMPILER_APPICON_NAME = AppIcon;
				ASSETCATALOG_COMPILER_GLOBAL_ACCENT_COLOR_NAME = AccentColor;
				CODE_SIGN_ENTITLEMENTS = GitFlow/GitFlow.entitlements;
				CODE_SIGN_STYLE = Automatic;
				COMBINE_HIDPI_IMAGES = YES;
				CURRENT_PROJECT_VERSION = 1;
				DEVELOPMENT_ASSET_PATHS = "\"GitFlow/Preview Content\"";
				DEVELOPMENT_TEAM = UCN29PZL3V;
				ENABLE_HARDENED_RUNTIME = YES;
				ENABLE_PREVIEWS = YES;
				GENERATE_INFOPLIST_FILE = YES;
				INFOPLIST_KEY_NSHumanReadableCopyright = "";
				LD_RUNPATH_SEARCH_PATHS = (
					"$(inherited)",
					"@executable_path/../Frameworks",
				);
				MACOSX_DEPLOYMENT_TARGET = 13.5;
				MARKETING_VERSION = 1.0;
				PRODUCT_BUNDLE_IDENTIFIER = ash.GitFlow;
				PRODUCT_NAME = "$(TARGET_NAME)";
				SWIFT_EMIT_LOC_STRINGS = YES;
				SWIFT_VERSION = 5.0;
			};
			name = Debug;
		};
		5EC33D592D6DC01C005BF072 /* Release */ = {
			isa = XCBuildConfiguration;
			buildSettings = {
				ASSETCATALOG_COMPILER_APPICON_NAME = AppIcon;
				ASSETCATALOG_COMPILER_GLOBAL_ACCENT_COLOR_NAME = AccentColor;
				CODE_SIGN_ENTITLEMENTS = GitFlow/GitFlow.entitlements;
				CODE_SIGN_STYLE = Automatic;
				COMBINE_HIDPI_IMAGES = YES;
				CURRENT_PROJECT_VERSION = 1;
				DEVELOPMENT_ASSET_PATHS = "\"GitFlow/Preview Content\"";
				DEVELOPMENT_TEAM = UCN29PZL3V;
				ENABLE_HARDENED_RUNTIME = YES;
				ENABLE_PREVIEWS = YES;
				GENERATE_INFOPLIST_FILE = YES;
				INFOPLIST_KEY_NSHumanReadableCopyright = "";
				LD_RUNPATH_SEARCH_PATHS = (
					"$(inherited)",
					"@executable_path/../Frameworks",
				);
				MACOSX_DEPLOYMENT_TARGET = 13.5;
				MARKETING_VERSION = 1.0;
				PRODUCT_BUNDLE_IDENTIFIER = ash.GitFlow;
				PRODUCT_NAME = "$(TARGET_NAME)";
				SWIFT_EMIT_LOC_STRINGS = YES;
				SWIFT_VERSION = 5.0;
			};
			name = Release;
		};
		5EC33D5B2D6DC01C005BF072 /* Debug */ = {
			isa = XCBuildConfiguration;
			buildSettings = {
				BUNDLE_LOADER = "$(TEST_HOST)";
				CODE_SIGN_STYLE = Automatic;
				CURRENT_PROJECT_VERSION = 1;
				DEVELOPMENT_TEAM = UCN29PZL3V;
				GENERATE_INFOPLIST_FILE = YES;
				MACOSX_DEPLOYMENT_TARGET = 15.2;
				MARKETING_VERSION = 1.0;
				PRODUCT_BUNDLE_IDENTIFIER = ash.GitFlowTests;
				PRODUCT_NAME = "$(TARGET_NAME)";
				SWIFT_EMIT_LOC_STRINGS = NO;
				SWIFT_VERSION = 5.0;
				TEST_HOST = "$(BUILT_PRODUCTS_DIR)/GitFlow.app/$(BUNDLE_EXECUTABLE_FOLDER_PATH)/GitFlow";
			};
			name = Debug;
		};
		5EC33D5C2D6DC01C005BF072 /* Release */ = {
			isa = XCBuildConfiguration;
			buildSettings = {
				BUNDLE_LOADER = "$(TEST_HOST)";
				CODE_SIGN_STYLE = Automatic;
				CURRENT_PROJECT_VERSION = 1;
				DEVELOPMENT_TEAM = UCN29PZL3V;
				GENERATE_INFOPLIST_FILE = YES;
				MACOSX_DEPLOYMENT_TARGET = 15.2;
				MARKETING_VERSION = 1.0;
				PRODUCT_BUNDLE_IDENTIFIER = ash.GitFlowTests;
				PRODUCT_NAME = "$(TARGET_NAME)";
				SWIFT_EMIT_LOC_STRINGS = NO;
				SWIFT_VERSION = 5.0;
				TEST_HOST = "$(BUILT_PRODUCTS_DIR)/GitFlow.app/$(BUNDLE_EXECUTABLE_FOLDER_PATH)/GitFlow";
			};
			name = Release;
		};
		5EC33D5E2D6DC01C005BF072 /* Debug */ = {
			isa = XCBuildConfiguration;
			buildSettings = {
				CODE_SIGN_STYLE = Automatic;
				CURRENT_PROJECT_VERSION = 1;
				DEVELOPMENT_TEAM = UCN29PZL3V;
				GENERATE_INFOPLIST_FILE = YES;
				MARKETING_VERSION = 1.0;
				PRODUCT_BUNDLE_IDENTIFIER = ash.GitFlowUITests;
				PRODUCT_NAME = "$(TARGET_NAME)";
				SWIFT_EMIT_LOC_STRINGS = NO;
				SWIFT_VERSION = 5.0;
				TEST_TARGET_NAME = GitFlow;
			};
			name = Debug;
		};
		5EC33D5F2D6DC01C005BF072 /* Release */ = {
			isa = XCBuildConfiguration;
			buildSettings = {
				CODE_SIGN_STYLE = Automatic;
				CURRENT_PROJECT_VERSION = 1;
				DEVELOPMENT_TEAM = UCN29PZL3V;
				GENERATE_INFOPLIST_FILE = YES;
				MARKETING_VERSION = 1.0;
				PRODUCT_BUNDLE_IDENTIFIER = ash.GitFlowUITests;
				PRODUCT_NAME = "$(TARGET_NAME)";
				SWIFT_EMIT_LOC_STRINGS = NO;
				SWIFT_VERSION = 5.0;
				TEST_TARGET_NAME = GitFlow;
			};
			name = Release;
		};
/* End XCBuildConfiguration section */

/* Begin XCConfigurationList section */
		5EC33D2D2D6DC01B005BF072 /* Build configuration list for PBXProject "GitFlow" */ = {
			isa = XCConfigurationList;
			buildConfigurations = (
				5EC33D552D6DC01C005BF072 /* Debug */,
				5EC33D562D6DC01C005BF072 /* Release */,
			);
			defaultConfigurationIsVisible = 0;
			defaultConfigurationName = Release;
		};
		5EC33D572D6DC01C005BF072 /* Build configuration list for PBXNativeTarget "GitFlow" */ = {
			isa = XCConfigurationList;
			buildConfigurations = (
				5EC33D582D6DC01C005BF072 /* Debug */,
				5EC33D592D6DC01C005BF072 /* Release */,
			);
			defaultConfigurationIsVisible = 0;
			defaultConfigurationName = Release;
		};
		5EC33D5A2D6DC01C005BF072 /* Build configuration list for PBXNativeTarget "GitFlowTests" */ = {
			isa = XCConfigurationList;
			buildConfigurations = (
				5EC33D5B2D6DC01C005BF072 /* Debug */,
				5EC33D5C2D6DC01C005BF072 /* Release */,
			);
			defaultConfigurationIsVisible = 0;
			defaultConfigurationName = Release;
		};
		5EC33D5D2D6DC01C005BF072 /* Build configuration list for PBXNativeTarget "GitFlowUITests" */ = {
			isa = XCConfigurationList;
			buildConfigurations = (
				5EC33D5E2D6DC01C005BF072 /* Debug */,
				5EC33D5F2D6DC01C005BF072 /* Release */,
			);
			defaultConfigurationIsVisible = 0;
			defaultConfigurationName = Release;
		};
/* End XCConfigurationList section */

/* Begin XCRemoteSwiftPackageReference section */
		5EC33D9E2D6DF9FA005BF072 /* XCRemoteSwiftPackageReference "Luminare-Safe" */ = {
			isa = XCRemoteSwiftPackageReference;
			repositoryURL = "https://github.com/asboy2035/Luminare-Safe";
			requirement = {
				branch = main;
				kind = branch;
			};
		};
/* End XCRemoteSwiftPackageReference section */

/* Begin XCSwiftPackageProductDependency section */
		5EC33DA02D6DFA21005BF072 /* Luminare */ = {
			isa = XCSwiftPackageProductDependency;
			package = 5EC33D9E2D6DF9FA005BF072 /* XCRemoteSwiftPackageReference "Luminare-Safe" */;
			productName = Luminare;
		};
/* End XCSwiftPackageProductDependency section */
	};
	rootObject = 5EC33D2A2D6DC01B005BF072 /* Project object */;
}
